
Microsoft Visual Studio Solution File, Format Version 12.00
# Visual Studio 15
VisualStudioVersion = 15.0.26430.15
MinimumVisualStudioVersion = 10.0.40219.1
Project("{8BC9CEB8-8B4A-11D0-8D11-00A0C91BC942}") = "server", "Server\Server.vcxproj", "{411AC1D4-3BA6-4193-9A6E-C9793B276501}"
EndProject
Project("{8BC9CEB8-8B4A-11D0-8D11-00A0C91BC942}") = "client", "Client\Client.vcxproj", "{A4C046B2-67A6-4AC6-B319-45352C0E731A}"
	ProjectSection(ProjectDependencies) = postProject
		{437EA8E6-2E07-4FF4-A940-C3B5E86BAF8F} = {437EA8E6-2E07-4FF4-A940-C3B5E86BAF8F}
	EndProjectSection
EndProject
Project("{8BC9CEB8-8B4A-11D0-8D11-00A0C91BC942}") = "loader", "Loader\Loader.vcxproj", "{93587070-828A-42CE-A002-CCCE305FC578}"
EndProject
Project("{FAE04EC0-301F-11D3-BF4B-00C04F79EFBC}") = "CrashHandler", "Others\CrashHandler\CrashHandler.csproj", "{437EA8E6-2E07-4FF4-A940-C3B5E86BAF8F}"
EndProject
Project("{8BC9CEB8-8B4A-11D0-8D11-00A0C91BC942}") = "masterlist", "MasterList\MasterList.vcxproj", "{2123038C-C8BC-4230-9AFE-7A917CD5D1AF}"
EndProject
Project("{FAE04EC0-301F-11D3-BF4B-00C04F79EFBC}") = "ServerBrowser", "browser-new\ServerBrowser.csproj", "{081BE9A5-099B-4515-82B7-F29A29E56099}"
EndProject
Global
	GlobalSection(SolutionConfigurationPlatforms) = preSolution
		Debug|Any CPU = Debug|Any CPU
		Debug|Mixed Platforms = Debug|Mixed Platforms
		Debug|Win32 = Debug|Win32
		Debug|x64 = Debug|x64
		Debug|x86 = Debug|x86
		DebugOwn|Any CPU = DebugOwn|Any CPU
		DebugOwn|Mixed Platforms = DebugOwn|Mixed Platforms
		DebugOwn|Win32 = DebugOwn|Win32
		DebugOwn|x64 = DebugOwn|x64
		DebugOwn|x86 = DebugOwn|x86
		Release|Any CPU = Release|Any CPU
		Release|Mixed Platforms = Release|Mixed Platforms
		Release|Win32 = Release|Win32
		Release|x64 = Release|x64
		Release|x86 = Release|x86
		Template|Any CPU = Template|Any CPU
		Template|Mixed Platforms = Template|Mixed Platforms
		Template|Win32 = Template|Win32
		Template|x64 = Template|x64
		Template|x86 = Template|x86
	EndGlobalSection
	GlobalSection(ProjectConfigurationPlatforms) = postSolution
		{411AC1D4-3BA6-4193-9A6E-C9793B276501}.Debug|Any CPU.ActiveCfg = Debug|Win32
		{411AC1D4-3BA6-4193-9A6E-C9793B276501}.Debug|Mixed Platforms.ActiveCfg = Debug|Win32
		{411AC1D4-3BA6-4193-9A6E-C9793B276501}.Debug|Mixed Platforms.Build.0 = Debug|Win32
		{411AC1D4-3BA6-4193-9A6E-C9793B276501}.Debug|Win32.ActiveCfg = Debug|Win32
		{411AC1D4-3BA6-4193-9A6E-C9793B276501}.Debug|Win32.Build.0 = Debug|Win32
		{411AC1D4-3BA6-4193-9A6E-C9793B276501}.Debug|x64.ActiveCfg = Debug|Win32
		{411AC1D4-3BA6-4193-9A6E-C9793B276501}.Debug|x86.ActiveCfg = Debug|Win32
		{411AC1D4-3BA6-4193-9A6E-C9793B276501}.Debug|x86.Build.0 = Debug|Win32
		{411AC1D4-3BA6-4193-9A6E-C9793B276501}.DebugOwn|Any CPU.ActiveCfg = DebugOwn|Win32
		{411AC1D4-3BA6-4193-9A6E-C9793B276501}.DebugOwn|Mixed Platforms.ActiveCfg = DebugOwn|Win32
		{411AC1D4-3BA6-4193-9A6E-C9793B276501}.DebugOwn|Mixed Platforms.Build.0 = DebugOwn|Win32
		{411AC1D4-3BA6-4193-9A6E-C9793B276501}.DebugOwn|Win32.ActiveCfg = DebugOwn|Win32
		{411AC1D4-3BA6-4193-9A6E-C9793B276501}.DebugOwn|Win32.Build.0 = DebugOwn|Win32
		{411AC1D4-3BA6-4193-9A6E-C9793B276501}.DebugOwn|x64.ActiveCfg = DebugOwn|Win32
		{411AC1D4-3BA6-4193-9A6E-C9793B276501}.DebugOwn|x86.ActiveCfg = DebugOwn|Win32
		{411AC1D4-3BA6-4193-9A6E-C9793B276501}.DebugOwn|x86.Build.0 = DebugOwn|Win32
		{411AC1D4-3BA6-4193-9A6E-C9793B276501}.Release|Any CPU.ActiveCfg = Release|Win32
		{411AC1D4-3BA6-4193-9A6E-C9793B276501}.Release|Mixed Platforms.ActiveCfg = Release|Win32
		{411AC1D4-3BA6-4193-9A6E-C9793B276501}.Release|Mixed Platforms.Build.0 = Release|Win32
		{411AC1D4-3BA6-4193-9A6E-C9793B276501}.Release|Win32.ActiveCfg = Release|Win32
		{411AC1D4-3BA6-4193-9A6E-C9793B276501}.Release|Win32.Build.0 = Release|Win32
		{411AC1D4-3BA6-4193-9A6E-C9793B276501}.Release|x64.ActiveCfg = Release|Win32
		{411AC1D4-3BA6-4193-9A6E-C9793B276501}.Release|x86.ActiveCfg = Release|Win32
		{411AC1D4-3BA6-4193-9A6E-C9793B276501}.Release|x86.Build.0 = Release|Win32
		{411AC1D4-3BA6-4193-9A6E-C9793B276501}.Template|Any CPU.ActiveCfg = DebugOwn|Win32
		{411AC1D4-3BA6-4193-9A6E-C9793B276501}.Template|Any CPU.Build.0 = DebugOwn|Win32
		{411AC1D4-3BA6-4193-9A6E-C9793B276501}.Template|Mixed Platforms.ActiveCfg = DebugOwn|Win32
		{411AC1D4-3BA6-4193-9A6E-C9793B276501}.Template|Mixed Platforms.Build.0 = DebugOwn|Win32
		{411AC1D4-3BA6-4193-9A6E-C9793B276501}.Template|Win32.ActiveCfg = DebugOwn|Win32
		{411AC1D4-3BA6-4193-9A6E-C9793B276501}.Template|Win32.Build.0 = DebugOwn|Win32
		{411AC1D4-3BA6-4193-9A6E-C9793B276501}.Template|x64.ActiveCfg = DebugOwn|Win32
		{411AC1D4-3BA6-4193-9A6E-C9793B276501}.Template|x64.Build.0 = DebugOwn|Win32
		{411AC1D4-3BA6-4193-9A6E-C9793B276501}.Template|x86.ActiveCfg = DebugOwn|Win32
		{411AC1D4-3BA6-4193-9A6E-C9793B276501}.Template|x86.Build.0 = DebugOwn|Win32
		{A4C046B2-67A6-4AC6-B319-45352C0E731A}.Debug|Any CPU.ActiveCfg = Debug|Win32
		{A4C046B2-67A6-4AC6-B319-45352C0E731A}.Debug|Mixed Platforms.ActiveCfg = Debug|Win32
		{A4C046B2-67A6-4AC6-B319-45352C0E731A}.Debug|Mixed Platforms.Build.0 = Debug|Win32
		{A4C046B2-67A6-4AC6-B319-45352C0E731A}.Debug|Win32.ActiveCfg = Debug|Win32
		{A4C046B2-67A6-4AC6-B319-45352C0E731A}.Debug|Win32.Build.0 = Debug|Win32
		{A4C046B2-67A6-4AC6-B319-45352C0E731A}.Debug|x64.ActiveCfg = Debug|Win32
		{A4C046B2-67A6-4AC6-B319-45352C0E731A}.Debug|x86.ActiveCfg = Debug|Win32
		{A4C046B2-67A6-4AC6-B319-45352C0E731A}.Debug|x86.Build.0 = Debug|Win32
		{A4C046B2-67A6-4AC6-B319-45352C0E731A}.DebugOwn|Any CPU.ActiveCfg = DebugOwn|Win32
		{A4C046B2-67A6-4AC6-B319-45352C0E731A}.DebugOwn|Mixed Platforms.ActiveCfg = DebugOwn|Win32
		{A4C046B2-67A6-4AC6-B319-45352C0E731A}.DebugOwn|Mixed Platforms.Build.0 = DebugOwn|Win32
		{A4C046B2-67A6-4AC6-B319-45352C0E731A}.DebugOwn|Win32.ActiveCfg = DebugOwn|Win32
		{A4C046B2-67A6-4AC6-B319-45352C0E731A}.DebugOwn|Win32.Build.0 = DebugOwn|Win32
		{A4C046B2-67A6-4AC6-B319-45352C0E731A}.DebugOwn|x64.ActiveCfg = DebugOwn|Win32
		{A4C046B2-67A6-4AC6-B319-45352C0E731A}.DebugOwn|x86.ActiveCfg = DebugOwn|Win32
		{A4C046B2-67A6-4AC6-B319-45352C0E731A}.DebugOwn|x86.Build.0 = DebugOwn|Win32
		{A4C046B2-67A6-4AC6-B319-45352C0E731A}.Release|Any CPU.ActiveCfg = Release|Win32
		{A4C046B2-67A6-4AC6-B319-45352C0E731A}.Release|Mixed Platforms.ActiveCfg = Release|Win32
		{A4C046B2-67A6-4AC6-B319-45352C0E731A}.Release|Mixed Platforms.Build.0 = Release|Win32
		{A4C046B2-67A6-4AC6-B319-45352C0E731A}.Release|Win32.ActiveCfg = Release|Win32
		{A4C046B2-67A6-4AC6-B319-45352C0E731A}.Release|Win32.Build.0 = Release|Win32
		{A4C046B2-67A6-4AC6-B319-45352C0E731A}.Release|x64.ActiveCfg = Release|Win32
		{A4C046B2-67A6-4AC6-B319-45352C0E731A}.Release|x86.ActiveCfg = Release|Win32
		{A4C046B2-67A6-4AC6-B319-45352C0E731A}.Release|x86.Build.0 = Release|Win32
		{A4C046B2-67A6-4AC6-B319-45352C0E731A}.Template|Any CPU.ActiveCfg = DebugOwn|Win32
		{A4C046B2-67A6-4AC6-B319-45352C0E731A}.Template|Any CPU.Build.0 = DebugOwn|Win32
		{A4C046B2-67A6-4AC6-B319-45352C0E731A}.Template|Mixed Platforms.ActiveCfg = DebugOwn|Win32
		{A4C046B2-67A6-4AC6-B319-45352C0E731A}.Template|Mixed Platforms.Build.0 = DebugOwn|Win32
		{A4C046B2-67A6-4AC6-B319-45352C0E731A}.Template|Win32.ActiveCfg = DebugOwn|Win32
		{A4C046B2-67A6-4AC6-B319-45352C0E731A}.Template|Win32.Build.0 = DebugOwn|Win32
		{A4C046B2-67A6-4AC6-B319-45352C0E731A}.Template|x64.ActiveCfg = DebugOwn|Win32
		{A4C046B2-67A6-4AC6-B319-45352C0E731A}.Template|x64.Build.0 = DebugOwn|Win32
		{A4C046B2-67A6-4AC6-B319-45352C0E731A}.Template|x86.ActiveCfg = DebugOwn|Win32
		{A4C046B2-67A6-4AC6-B319-45352C0E731A}.Template|x86.Build.0 = DebugOwn|Win32
		{93587070-828A-42CE-A002-CCCE305FC578}.Debug|Any CPU.ActiveCfg = Debug|Win32
		{93587070-828A-42CE-A002-CCCE305FC578}.Debug|Mixed Platforms.ActiveCfg = Debug|Win32
		{93587070-828A-42CE-A002-CCCE305FC578}.Debug|Mixed Platforms.Build.0 = Debug|Win32
		{93587070-828A-42CE-A002-CCCE305FC578}.Debug|Win32.ActiveCfg = Debug|Win32
		{93587070-828A-42CE-A002-CCCE305FC578}.Debug|Win32.Build.0 = Debug|Win32
		{93587070-828A-42CE-A002-CCCE305FC578}.Debug|x64.ActiveCfg = Debug|Win32
		{93587070-828A-42CE-A002-CCCE305FC578}.Debug|x86.ActiveCfg = Debug|Win32
		{93587070-828A-42CE-A002-CCCE305FC578}.Debug|x86.Build.0 = Debug|Win32
		{93587070-828A-42CE-A002-CCCE305FC578}.DebugOwn|Any CPU.ActiveCfg = DebugOwn|Win32
		{93587070-828A-42CE-A002-CCCE305FC578}.DebugOwn|Mixed Platforms.ActiveCfg = DebugOwn|Win32
		{93587070-828A-42CE-A002-CCCE305FC578}.DebugOwn|Mixed Platforms.Build.0 = DebugOwn|Win32
		{93587070-828A-42CE-A002-CCCE305FC578}.DebugOwn|Win32.ActiveCfg = DebugOwn|Win32
		{93587070-828A-42CE-A002-CCCE305FC578}.DebugOwn|Win32.Build.0 = DebugOwn|Win32
		{93587070-828A-42CE-A002-CCCE305FC578}.DebugOwn|x64.ActiveCfg = DebugOwn|Win32
		{93587070-828A-42CE-A002-CCCE305FC578}.DebugOwn|x86.ActiveCfg = DebugOwn|Win32
		{93587070-828A-42CE-A002-CCCE305FC578}.DebugOwn|x86.Build.0 = DebugOwn|Win32
		{93587070-828A-42CE-A002-CCCE305FC578}.Release|Any CPU.ActiveCfg = Release|Win32
		{93587070-828A-42CE-A002-CCCE305FC578}.Release|Mixed Platforms.ActiveCfg = Release|Win32
		{93587070-828A-42CE-A002-CCCE305FC578}.Release|Mixed Platforms.Build.0 = Release|Win32
		{93587070-828A-42CE-A002-CCCE305FC578}.Release|Win32.ActiveCfg = Release|Win32
		{93587070-828A-42CE-A002-CCCE305FC578}.Release|Win32.Build.0 = Release|Win32
		{93587070-828A-42CE-A002-CCCE305FC578}.Release|x64.ActiveCfg = Release|Win32
		{93587070-828A-42CE-A002-CCCE305FC578}.Release|x86.ActiveCfg = Release|Win32
		{93587070-828A-42CE-A002-CCCE305FC578}.Release|x86.Build.0 = Release|Win32
		{93587070-828A-42CE-A002-CCCE305FC578}.Template|Any CPU.ActiveCfg = DebugOwn|Win32
		{93587070-828A-42CE-A002-CCCE305FC578}.Template|Any CPU.Build.0 = DebugOwn|Win32
		{93587070-828A-42CE-A002-CCCE305FC578}.Template|Mixed Platforms.ActiveCfg = DebugOwn|Win32
		{93587070-828A-42CE-A002-CCCE305FC578}.Template|Mixed Platforms.Build.0 = DebugOwn|Win32
		{93587070-828A-42CE-A002-CCCE305FC578}.Template|Win32.ActiveCfg = DebugOwn|Win32
		{93587070-828A-42CE-A002-CCCE305FC578}.Template|Win32.Build.0 = DebugOwn|Win32
		{93587070-828A-42CE-A002-CCCE305FC578}.Template|x64.ActiveCfg = DebugOwn|Win32
		{93587070-828A-42CE-A002-CCCE305FC578}.Template|x64.Build.0 = DebugOwn|Win32
		{93587070-828A-42CE-A002-CCCE305FC578}.Template|x86.ActiveCfg = DebugOwn|Win32
		{93587070-828A-42CE-A002-CCCE305FC578}.Template|x86.Build.0 = DebugOwn|Win32
		{437EA8E6-2E07-4FF4-A940-C3B5E86BAF8F}.Debug|Any CPU.ActiveCfg = Debug|Any CPU
		{437EA8E6-2E07-4FF4-A940-C3B5E86BAF8F}.Debug|Any CPU.Build.0 = Debug|Any CPU
		{437EA8E6-2E07-4FF4-A940-C3B5E86BAF8F}.Debug|Mixed Platforms.ActiveCfg = Debug|Any CPU
		{437EA8E6-2E07-4FF4-A940-C3B5E86BAF8F}.Debug|Mixed Platforms.Build.0 = Debug|Any CPU
		{437EA8E6-2E07-4FF4-A940-C3B5E86BAF8F}.Debug|Win32.ActiveCfg = Debug|Any CPU
		{437EA8E6-2E07-4FF4-A940-C3B5E86BAF8F}.Debug|x64.ActiveCfg = Debug|Any CPU
		{437EA8E6-2E07-4FF4-A940-C3B5E86BAF8F}.Debug|x64.Build.0 = Debug|Any CPU
		{437EA8E6-2E07-4FF4-A940-C3B5E86BAF8F}.Debug|x86.ActiveCfg = Debug|x86
		{437EA8E6-2E07-4FF4-A940-C3B5E86BAF8F}.Debug|x86.Build.0 = Debug|x86
		{437EA8E6-2E07-4FF4-A940-C3B5E86BAF8F}.DebugOwn|Any CPU.ActiveCfg = Debug|Any CPU
		{437EA8E6-2E07-4FF4-A940-C3B5E86BAF8F}.DebugOwn|Any CPU.Build.0 = Debug|Any CPU
		{437EA8E6-2E07-4FF4-A940-C3B5E86BAF8F}.DebugOwn|Mixed Platforms.ActiveCfg = Debug|Any CPU
		{437EA8E6-2E07-4FF4-A940-C3B5E86BAF8F}.DebugOwn|Mixed Platforms.Build.0 = Debug|Any CPU
		{437EA8E6-2E07-4FF4-A940-C3B5E86BAF8F}.DebugOwn|Win32.ActiveCfg = Debug|Any CPU
		{437EA8E6-2E07-4FF4-A940-C3B5E86BAF8F}.DebugOwn|Win32.Build.0 = Debug|Any CPU
		{437EA8E6-2E07-4FF4-A940-C3B5E86BAF8F}.DebugOwn|x64.ActiveCfg = Debug|Any CPU
		{437EA8E6-2E07-4FF4-A940-C3B5E86BAF8F}.DebugOwn|x64.Build.0 = Debug|Any CPU
		{437EA8E6-2E07-4FF4-A940-C3B5E86BAF8F}.DebugOwn|x86.ActiveCfg = Debug|x86
		{437EA8E6-2E07-4FF4-A940-C3B5E86BAF8F}.DebugOwn|x86.Build.0 = Debug|x86
		{437EA8E6-2E07-4FF4-A940-C3B5E86BAF8F}.Release|Any CPU.ActiveCfg = Release|Any CPU
		{437EA8E6-2E07-4FF4-A940-C3B5E86BAF8F}.Release|Any CPU.Build.0 = Release|Any CPU
		{437EA8E6-2E07-4FF4-A940-C3B5E86BAF8F}.Release|Mixed Platforms.ActiveCfg = Release|Any CPU
		{437EA8E6-2E07-4FF4-A940-C3B5E86BAF8F}.Release|Mixed Platforms.Build.0 = Release|Any CPU
		{437EA8E6-2E07-4FF4-A940-C3B5E86BAF8F}.Release|Win32.ActiveCfg = Release|Any CPU
		{437EA8E6-2E07-4FF4-A940-C3B5E86BAF8F}.Release|Win32.Build.0 = Release|Any CPU
		{437EA8E6-2E07-4FF4-A940-C3B5E86BAF8F}.Release|x64.ActiveCfg = Release|Any CPU
		{437EA8E6-2E07-4FF4-A940-C3B5E86BAF8F}.Release|x64.Build.0 = Release|Any CPU
		{437EA8E6-2E07-4FF4-A940-C3B5E86BAF8F}.Release|x86.ActiveCfg = Release|x86
		{437EA8E6-2E07-4FF4-A940-C3B5E86BAF8F}.Release|x86.Build.0 = Release|x86
		{437EA8E6-2E07-4FF4-A940-C3B5E86BAF8F}.Template|Any CPU.ActiveCfg = Release|Any CPU
		{437EA8E6-2E07-4FF4-A940-C3B5E86BAF8F}.Template|Any CPU.Build.0 = Release|Any CPU
		{437EA8E6-2E07-4FF4-A940-C3B5E86BAF8F}.Template|Mixed Platforms.ActiveCfg = Release|Any CPU
		{437EA8E6-2E07-4FF4-A940-C3B5E86BAF8F}.Template|Mixed Platforms.Build.0 = Release|Any CPU
		{437EA8E6-2E07-4FF4-A940-C3B5E86BAF8F}.Template|Win32.ActiveCfg = Release|Any CPU
		{437EA8E6-2E07-4FF4-A940-C3B5E86BAF8F}.Template|Win32.Build.0 = Release|Any CPU
		{437EA8E6-2E07-4FF4-A940-C3B5E86BAF8F}.Template|x64.ActiveCfg = Release|Any CPU
		{437EA8E6-2E07-4FF4-A940-C3B5E86BAF8F}.Template|x64.Build.0 = Release|Any CPU
		{437EA8E6-2E07-4FF4-A940-C3B5E86BAF8F}.Template|x86.ActiveCfg = Release|x86
		{437EA8E6-2E07-4FF4-A940-C3B5E86BAF8F}.Template|x86.Build.0 = Release|x86
		{2123038C-C8BC-4230-9AFE-7A917CD5D1AF}.Debug|Any CPU.ActiveCfg = Debug|Win32
		{2123038C-C8BC-4230-9AFE-7A917CD5D1AF}.Debug|Mixed Platforms.ActiveCfg = Debug|Win32
		{2123038C-C8BC-4230-9AFE-7A917CD5D1AF}.Debug|Mixed Platforms.Build.0 = Debug|Win32
		{2123038C-C8BC-4230-9AFE-7A917CD5D1AF}.Debug|Win32.ActiveCfg = Debug|Win32
		{2123038C-C8BC-4230-9AFE-7A917CD5D1AF}.Debug|Win32.Build.0 = Debug|Win32
		{2123038C-C8BC-4230-9AFE-7A917CD5D1AF}.Debug|x64.ActiveCfg = Debug|Win32
		{2123038C-C8BC-4230-9AFE-7A917CD5D1AF}.Debug|x86.ActiveCfg = Debug|Win32
		{2123038C-C8BC-4230-9AFE-7A917CD5D1AF}.Debug|x86.Build.0 = Debug|Win32
		{2123038C-C8BC-4230-9AFE-7A917CD5D1AF}.DebugOwn|Any CPU.ActiveCfg = Release|Win32
		{2123038C-C8BC-4230-9AFE-7A917CD5D1AF}.DebugOwn|Any CPU.Build.0 = Release|Win32
		{2123038C-C8BC-4230-9AFE-7A917CD5D1AF}.DebugOwn|Mixed Platforms.ActiveCfg = Debug|Win32
		{2123038C-C8BC-4230-9AFE-7A917CD5D1AF}.DebugOwn|Mixed Platforms.Build.0 = Debug|Win32
		{2123038C-C8BC-4230-9AFE-7A917CD5D1AF}.DebugOwn|Win32.ActiveCfg = Debug|Win32
		{2123038C-C8BC-4230-9AFE-7A917CD5D1AF}.DebugOwn|Win32.Build.0 = Debug|Win32
		{2123038C-C8BC-4230-9AFE-7A917CD5D1AF}.DebugOwn|x64.ActiveCfg = Release|Win32
		{2123038C-C8BC-4230-9AFE-7A917CD5D1AF}.DebugOwn|x64.Build.0 = Release|Win32
		{2123038C-C8BC-4230-9AFE-7A917CD5D1AF}.DebugOwn|x86.ActiveCfg = Debug|Win32
		{2123038C-C8BC-4230-9AFE-7A917CD5D1AF}.DebugOwn|x86.Build.0 = Debug|Win32
		{2123038C-C8BC-4230-9AFE-7A917CD5D1AF}.Release|Any CPU.ActiveCfg = Release|Win32
		{2123038C-C8BC-4230-9AFE-7A917CD5D1AF}.Release|Mixed Platforms.ActiveCfg = Release|Win32
		{2123038C-C8BC-4230-9AFE-7A917CD5D1AF}.Release|Mixed Platforms.Build.0 = Release|Win32
		{2123038C-C8BC-4230-9AFE-7A917CD5D1AF}.Release|Win32.ActiveCfg = Release|Win32
		{2123038C-C8BC-4230-9AFE-7A917CD5D1AF}.Release|Win32.Build.0 = Release|Win32
		{2123038C-C8BC-4230-9AFE-7A917CD5D1AF}.Release|x64.ActiveCfg = Release|Win32
		{2123038C-C8BC-4230-9AFE-7A917CD5D1AF}.Release|x86.ActiveCfg = Release|Win32
		{2123038C-C8BC-4230-9AFE-7A917CD5D1AF}.Release|x86.Build.0 = Release|Win32
		{2123038C-C8BC-4230-9AFE-7A917CD5D1AF}.Template|Any CPU.ActiveCfg = Release|Win32
		{2123038C-C8BC-4230-9AFE-7A917CD5D1AF}.Template|Any CPU.Build.0 = Release|Win32
		{2123038C-C8BC-4230-9AFE-7A917CD5D1AF}.Template|Mixed Platforms.ActiveCfg = Release|Win32
		{2123038C-C8BC-4230-9AFE-7A917CD5D1AF}.Template|Mixed Platforms.Build.0 = Release|Win32
		{2123038C-C8BC-4230-9AFE-7A917CD5D1AF}.Template|Win32.ActiveCfg = Release|Win32
		{2123038C-C8BC-4230-9AFE-7A917CD5D1AF}.Template|Win32.Build.0 = Release|Win32
		{2123038C-C8BC-4230-9AFE-7A917CD5D1AF}.Template|x64.ActiveCfg = Release|Win32
		{2123038C-C8BC-4230-9AFE-7A917CD5D1AF}.Template|x64.Build.0 = Release|Win32
		{2123038C-C8BC-4230-9AFE-7A917CD5D1AF}.Template|x86.ActiveCfg = Release|Win32
		{2123038C-C8BC-4230-9AFE-7A917CD5D1AF}.Template|x86.Build.0 = Release|Win32
		{081BE9A5-099B-4515-82B7-F29A29E56099}.Debug|Any CPU.ActiveCfg = Debug|Any CPU
		{081BE9A5-099B-4515-82B7-F29A29E56099}.Debug|Any CPU.Build.0 = Debug|Any CPU
		{081BE9A5-099B-4515-82B7-F29A29E56099}.Debug|Mixed Platforms.ActiveCfg = Debug|Any CPU
		{081BE9A5-099B-4515-82B7-F29A29E56099}.Debug|Mixed Platforms.Build.0 = Debug|Any CPU
		{081BE9A5-099B-4515-82B7-F29A29E56099}.Debug|Win32.ActiveCfg = Debug|Any CPU
		{081BE9A5-099B-4515-82B7-F29A29E56099}.Debug|Win32.Build.0 = Debug|Any CPU
		{081BE9A5-099B-4515-82B7-F29A29E56099}.Debug|x64.ActiveCfg = Debug|Any CPU
		{081BE9A5-099B-4515-82B7-F29A29E56099}.Debug|x64.Build.0 = Debug|Any CPU
		{081BE9A5-099B-4515-82B7-F29A29E56099}.Debug|x86.ActiveCfg = Debug|Any CPU
		{081BE9A5-099B-4515-82B7-F29A29E56099}.Debug|x86.Build.0 = Debug|Any CPU
		{081BE9A5-099B-4515-82B7-F29A29E56099}.DebugOwn|Any CPU.ActiveCfg = Debug|Any CPU
		{081BE9A5-099B-4515-82B7-F29A29E56099}.DebugOwn|Any CPU.Build.0 = Debug|Any CPU
		{081BE9A5-099B-4515-82B7-F29A29E56099}.DebugOwn|Mixed Platforms.ActiveCfg = Debug|Any CPU
		{081BE9A5-099B-4515-82B7-F29A29E56099}.DebugOwn|Mixed Platforms.Build.0 = Debug|Any CPU
		{081BE9A5-099B-4515-82B7-F29A29E56099}.DebugOwn|Win32.ActiveCfg = Debug|Any CPU
		{081BE9A5-099B-4515-82B7-F29A29E56099}.DebugOwn|Win32.Build.0 = Debug|Any CPU
		{081BE9A5-099B-4515-82B7-F29A29E56099}.DebugOwn|x64.ActiveCfg = Debug|Any CPU
		{081BE9A5-099B-4515-82B7-F29A29E56099}.DebugOwn|x64.Build.0 = Debug|Any CPU
		{081BE9A5-099B-4515-82B7-F29A29E56099}.DebugOwn|x86.ActiveCfg = Debug|Any CPU
		{081BE9A5-099B-4515-82B7-F29A29E56099}.DebugOwn|x86.Build.0 = Debug|Any CPU
		{081BE9A5-099B-4515-82B7-F29A29E56099}.Release|Any CPU.ActiveCfg = Release|Any CPU
		{081BE9A5-099B-4515-82B7-F29A29E56099}.Release|Any CPU.Build.0 = Release|Any CPU
		{081BE9A5-099B-4515-82B7-F29A29E56099}.Release|Mixed Platforms.ActiveCfg = Release|Any CPU
		{081BE9A5-099B-4515-82B7-F29A29E56099}.Release|Mixed Platforms.Build.0 = Release|Any CPU
		{081BE9A5-099B-4515-82B7-F29A29E56099}.Release|Win32.ActiveCfg = Release|Any CPU
		{081BE9A5-099B-4515-82B7-F29A29E56099}.Release|Win32.Build.0 = Release|Any CPU
		{081BE9A5-099B-4515-82B7-F29A29E56099}.Release|x64.ActiveCfg = Release|Any CPU
		{081BE9A5-099B-4515-82B7-F29A29E56099}.Release|x64.Build.0 = Release|Any CPU
		{081BE9A5-099B-4515-82B7-F29A29E56099}.Release|x86.ActiveCfg = Release|Any CPU
		{081BE9A5-099B-4515-82B7-F29A29E56099}.Release|x86.Build.0 = Release|Any CPU
		{081BE9A5-099B-4515-82B7-F29A29E56099}.Template|Any CPU.ActiveCfg = Release|Any CPU
		{081BE9A5-099B-4515-82B7-F29A29E56099}.Template|Any CPU.Build.0 = Release|Any CPU
		{081BE9A5-099B-4515-82B7-F29A29E56099}.Template|Mixed Platforms.ActiveCfg = Release|Any CPU
		{081BE9A5-099B-4515-82B7-F29A29E56099}.Template|Mixed Platforms.Build.0 = Release|Any CPU
		{081BE9A5-099B-4515-82B7-F29A29E56099}.Template|Win32.ActiveCfg = Release|Any CPU
		{081BE9A5-099B-4515-82B7-F29A29E56099}.Template|Win32.Build.0 = Release|Any CPU
		{081BE9A5-099B-4515-82B7-F29A29E56099}.Template|x64.ActiveCfg = Release|Any CPU
		{081BE9A5-099B-4515-82B7-F29A29E56099}.Template|x64.Build.0 = Release|Any CPU
		{081BE9A5-099B-4515-82B7-F29A29E56099}.Template|x86.ActiveCfg = Release|Any CPU
		{081BE9A5-099B-4515-82B7-F29A29E56099}.Template|x86.Build.0 = Release|Any CPU
	EndGlobalSection
	GlobalSection(SolutionProperties) = preSolution
		HideSolutionNode = FALSE
	EndGlobalSection
	GlobalSection(ExtensibilityGlobals) = postSolution
		SolutionGuid = {112FE22D-3E6B-4B1D-B934-BAE2CD379447}
	EndGlobalSection
EndGlobal
